// !$*UTF8*$!
{
	archiveVersion = 1;
	classes = {
	};
	objectVersion = 56;
	objects = {

/* Begin PBXBuildFile section */
		763E5CE62A1C67CF002206E2 /* ConcertBackground.png in Resources */ = {isa = PBXBuildFile; fileRef = 763E5CE52A1C67CF002206E2 /* ConcertBackground.png */; };
		763E5CE82A1C6867002206E2 /* TicketBackground.png in Resources */ = {isa = PBXBuildFile; fileRef = 763E5CE72A1C6867002206E2 /* TicketBackground.png */; };
		763E5CEB2A1C690D002206E2 /* TicketViewController.swift in Sources */ = {isa = PBXBuildFile; fileRef = 763E5CEA2A1C690D002206E2 /* TicketViewController.swift */; };
		76A5C4B22A1DEEEA00F7098D /* LoginViewController.swift in Sources */ = {isa = PBXBuildFile; fileRef = 76A5C4B12A1DEEEA00F7098D /* LoginViewController.swift */; };
		76A5C4B42A1DEF7100F7098D /* SignUpViewController.swift in Sources */ = {isa = PBXBuildFile; fileRef = 76A5C4B32A1DEF7100F7098D /* SignUpViewController.swift */; };
		76A5C4B62A1DF5F500F7098D /* ConcertsViewController.swift in Sources */ = {isa = PBXBuildFile; fileRef = 76A5C4B52A1DF5F500F7098D /* ConcertsViewController.swift */; };
		76A5C4B82A1E3DF900F7098D /* 2.png in Resources */ = {isa = PBXBuildFile; fileRef = 76A5C4B72A1E3DF900F7098D /* 2.png */; };
		76A5C4BA2A1E3FAF00F7098D /* LoginBackground.png in Resources */ = {isa = PBXBuildFile; fileRef = 76A5C4B92A1E3FAF00F7098D /* LoginBackground.png */; };
		76A5C4BD2A1E409300F7098D /* Login.png in Resources */ = {isa = PBXBuildFile; fileRef = 76A5C4BB2A1E409300F7098D /* Login.png */; };
		76A5C4BE2A1E409300F7098D /* Signup.png in Resources */ = {isa = PBXBuildFile; fileRef = 76A5C4BC2A1E409300F7098D /* Signup.png */; };
		76A5C4C02A1E52B100F7098D /* UserConcertsViewController.swift in Sources */ = {isa = PBXBuildFile; fileRef = 76A5C4BF2A1E52B100F7098D /* UserConcertsViewController.swift */; };
		76A5C4C42A1E52FF00F7098D /* AccountDetailsViewController.swift in Sources */ = {isa = PBXBuildFile; fileRef = 76A5C4C32A1E52FF00F7098D /* AccountDetailsViewController.swift */; };
		76A5C4C62A1E532200F7098D /* TicketInformationViewController.swift in Sources */ = {isa = PBXBuildFile; fileRef = 76A5C4C52A1E532200F7098D /* TicketInformationViewController.swift */; };
		76A5C4C82A1E534600F7098D /* TicketPriceViewController.swift in Sources */ = {isa = PBXBuildFile; fileRef = 76A5C4C72A1E534600F7098D /* TicketPriceViewController.swift */; };
		76A5C4CA2A1E536200F7098D /* TicketPurchasedViewController.swift in Sources */ = {isa = PBXBuildFile; fileRef = 76A5C4C92A1E536200F7098D /* TicketPurchasedViewController.swift */; };
		76A5C4CC2A21C84300F7098D /* BackgroundGradient.png in Resources */ = {isa = PBXBuildFile; fileRef = 76A5C4CB2A21C84200F7098D /* BackgroundGradient.png */; };
		76EF58A82A0A0A0E00D1EBF4 /* AppDelegate.swift in Sources */ = {isa = PBXBuildFile; fileRef = 76EF58A72A0A0A0E00D1EBF4 /* AppDelegate.swift */; };
		76EF58AA2A0A0A0E00D1EBF4 /* SceneDelegate.swift in Sources */ = {isa = PBXBuildFile; fileRef = 76EF58A92A0A0A0E00D1EBF4 /* SceneDelegate.swift */; };
		76EF58AC2A0A0A0E00D1EBF4 /* ViewController.swift in Sources */ = {isa = PBXBuildFile; fileRef = 76EF58AB2A0A0A0E00D1EBF4 /* ViewController.swift */; };
		76EF58AF2A0A0A0E00D1EBF4 /* Main.storyboard in Resources */ = {isa = PBXBuildFile; fileRef = 76EF58AD2A0A0A0E00D1EBF4 /* Main.storyboard */; };
		76EF58B12A0A0A1000D1EBF4 /* Assets.xcassets in Resources */ = {isa = PBXBuildFile; fileRef = 76EF58B02A0A0A1000D1EBF4 /* Assets.xcassets */; };
		76EF58B42A0A0A1000D1EBF4 /* LaunchScreen.storyboard in Resources */ = {isa = PBXBuildFile; fileRef = 76EF58B22A0A0A1000D1EBF4 /* LaunchScreen.storyboard */; };
		76EF58BF2A0A0CE600D1EBF4 /* up-2.png in Resources */ = {isa = PBXBuildFile; fileRef = 76EF58BE2A0A0CE600D1EBF4 /* up-2.png */; };
		794BBD0D2A25A44200CDA103 /* Barcode.png in Resources */ = {isa = PBXBuildFile; fileRef = 794BBD0C2A25A44200CDA103 /* Barcode.png */; };
		794BBD0F2A25AA0200CDA103 /* NewTicket.png in Resources */ = {isa = PBXBuildFile; fileRef = 794BBD0E2A25AA0200CDA103 /* NewTicket.png */; };
		794BBD112A25AAAA00CDA103 /* NewNewTicket.png in Resources */ = {isa = PBXBuildFile; fileRef = 794BBD102A25AAAA00CDA103 /* NewNewTicket.png */; };
		BD692D312A2469F300121EF5 /* User.swift in Sources */ = {isa = PBXBuildFile; fileRef = BD692D302A2469F300121EF5 /* User.swift */; };
		BD692D332A246C9600121EF5 /* FileReader.swift in Sources */ = {isa = PBXBuildFile; fileRef = BD692D322A246C9600121EF5 /* FileReader.swift */; };
		BD692D362A246D8600121EF5 /* UserCredentials.txt in Resources */ = {isa = PBXBuildFile; fileRef = BD692D352A246D8600121EF5 /* UserCredentials.txt */; };
		BD692D382A248D2600121EF5 /* FileWriter.swift in Sources */ = {isa = PBXBuildFile; fileRef = BD692D372A248D2600121EF5 /* FileWriter.swift */; };
/* End PBXBuildFile section */

/* Begin PBXFileReference section */
		763E5CE52A1C67CF002206E2 /* ConcertBackground.png */ = {isa = PBXFileReference; lastKnownFileType = image.png; path = ConcertBackground.png; sourceTree = "<group>"; };
		763E5CE72A1C6867002206E2 /* TicketBackground.png */ = {isa = PBXFileReference; lastKnownFileType = image.png; path = TicketBackground.png; sourceTree = "<group>"; };
		763E5CEA2A1C690D002206E2 /* TicketViewController.swift */ = {isa = PBXFileReference; lastKnownFileType = sourcecode.swift; path = TicketViewController.swift; sourceTree = "<group>"; };
		76A5C4B12A1DEEEA00F7098D /* LoginViewController.swift */ = {isa = PBXFileReference; lastKnownFileType = sourcecode.swift; path = LoginViewController.swift; sourceTree = "<group>"; };
		76A5C4B32A1DEF7100F7098D /* SignUpViewController.swift */ = {isa = PBXFileReference; lastKnownFileType = sourcecode.swift; path = SignUpViewController.swift; sourceTree = "<group>"; };
		76A5C4B52A1DF5F500F7098D /* ConcertsViewController.swift */ = {isa = PBXFileReference; lastKnownFileType = sourcecode.swift; path = ConcertsViewController.swift; sourceTree = "<group>"; };
		76A5C4B72A1E3DF900F7098D /* 2.png */ = {isa = PBXFileReference; lastKnownFileType = image.png; path = 2.png; sourceTree = "<group>"; };
		76A5C4B92A1E3FAF00F7098D /* LoginBackground.png */ = {isa = PBXFileReference; lastKnownFileType = image.png; path = LoginBackground.png; sourceTree = "<group>"; };
		76A5C4BB2A1E409300F7098D /* Login.png */ = {isa = PBXFileReference; lastKnownFileType = image.png; path = Login.png; sourceTree = "<group>"; };
		76A5C4BC2A1E409300F7098D /* Signup.png */ = {isa = PBXFileReference; lastKnownFileType = image.png; path = Signup.png; sourceTree = "<group>"; };
		76A5C4BF2A1E52B100F7098D /* UserConcertsViewController.swift */ = {isa = PBXFileReference; lastKnownFileType = sourcecode.swift; path = UserConcertsViewController.swift; sourceTree = "<group>"; };
		76A5C4C32A1E52FF00F7098D /* AccountDetailsViewController.swift */ = {isa = PBXFileReference; lastKnownFileType = sourcecode.swift; path = AccountDetailsViewController.swift; sourceTree = "<group>"; };
		76A5C4C52A1E532200F7098D /* TicketInformationViewController.swift */ = {isa = PBXFileReference; lastKnownFileType = sourcecode.swift; path = TicketInformationViewController.swift; sourceTree = "<group>"; };
		76A5C4C72A1E534600F7098D /* TicketPriceViewController.swift */ = {isa = PBXFileReference; lastKnownFileType = sourcecode.swift; path = TicketPriceViewController.swift; sourceTree = "<group>"; };
		76A5C4C92A1E536200F7098D /* TicketPurchasedViewController.swift */ = {isa = PBXFileReference; lastKnownFileType = sourcecode.swift; path = TicketPurchasedViewController.swift; sourceTree = "<group>"; };
		76A5C4CB2A21C84200F7098D /* BackgroundGradient.png */ = {isa = PBXFileReference; lastKnownFileType = image.png; path = BackgroundGradient.png; sourceTree = "<group>"; };
		76EF58A42A0A0A0E00D1EBF4 /* ios_TicketingApp.app */ = {isa = PBXFileReference; explicitFileType = wrapper.application; includeInIndex = 0; path = ios_TicketingApp.app; sourceTree = BUILT_PRODUCTS_DIR; };
		76EF58A72A0A0A0E00D1EBF4 /* AppDelegate.swift */ = {isa = PBXFileReference; lastKnownFileType = sourcecode.swift; path = AppDelegate.swift; sourceTree = "<group>"; };
		76EF58A92A0A0A0E00D1EBF4 /* SceneDelegate.swift */ = {isa = PBXFileReference; lastKnownFileType = sourcecode.swift; path = SceneDelegate.swift; sourceTree = "<group>"; };
		76EF58AB2A0A0A0E00D1EBF4 /* ViewController.swift */ = {isa = PBXFileReference; lastKnownFileType = sourcecode.swift; path = ViewController.swift; sourceTree = "<group>"; };
		76EF58AE2A0A0A0E00D1EBF4 /* Base */ = {isa = PBXFileReference; lastKnownFileType = file.storyboard; name = Base; path = Base.lproj/Main.storyboard; sourceTree = "<group>"; };
		76EF58B02A0A0A1000D1EBF4 /* Assets.xcassets */ = {isa = PBXFileReference; lastKnownFileType = folder.assetcatalog; path = Assets.xcassets; sourceTree = "<group>"; };
		76EF58B32A0A0A1000D1EBF4 /* Base */ = {isa = PBXFileReference; lastKnownFileType = file.storyboard; name = Base; path = Base.lproj/LaunchScreen.storyboard; sourceTree = "<group>"; };
		76EF58B52A0A0A1000D1EBF4 /* Info.plist */ = {isa = PBXFileReference; lastKnownFileType = text.plist.xml; path = Info.plist; sourceTree = "<group>"; };
		76EF58BE2A0A0CE600D1EBF4 /* up-2.png */ = {isa = PBXFileReference; lastKnownFileType = image.png; path = "up-2.png"; sourceTree = "<group>"; };
		794BBD0C2A25A44200CDA103 /* Barcode.png */ = {isa = PBXFileReference; lastKnownFileType = image.png; path = Barcode.png; sourceTree = "<group>"; };
		794BBD0E2A25AA0200CDA103 /* NewTicket.png */ = {isa = PBXFileReference; lastKnownFileType = image.png; path = NewTicket.png; sourceTree = "<group>"; };
		794BBD102A25AAAA00CDA103 /* NewNewTicket.png */ = {isa = PBXFileReference; lastKnownFileType = image.png; path = NewNewTicket.png; sourceTree = "<group>"; };
		BD692D302A2469F300121EF5 /* User.swift */ = {isa = PBXFileReference; lastKnownFileType = sourcecode.swift; path = User.swift; sourceTree = "<group>"; };
		BD692D322A246C9600121EF5 /* FileReader.swift */ = {isa = PBXFileReference; lastKnownFileType = sourcecode.swift; path = FileReader.swift; sourceTree = "<group>"; };
		BD692D352A246D8600121EF5 /* UserCredentials.txt */ = {isa = PBXFileReference; lastKnownFileType = text; path = UserCredentials.txt; sourceTree = "<group>"; };
		BD692D372A248D2600121EF5 /* FileWriter.swift */ = {isa = PBXFileReference; lastKnownFileType = sourcecode.swift; path = FileWriter.swift; sourceTree = "<group>"; };
/* End PBXFileReference section */

/* Begin PBXFrameworksBuildPhase section */
		76EF58A12A0A0A0E00D1EBF4 /* Frameworks */ = {
			isa = PBXFrameworksBuildPhase;
			buildActionMask = 2147483647;
			files = (
			);
			runOnlyForDeploymentPostprocessing = 0;
		};
/* End PBXFrameworksBuildPhase section */

/* Begin PBXGroup section */
		763E5CE92A1C68F9002206E2 /* View */ = {
			isa = PBXGroup;
			children = (
				76EF58AB2A0A0A0E00D1EBF4 /* ViewController.swift */,
				763E5CEA2A1C690D002206E2 /* TicketViewController.swift */,
				76A5C4B12A1DEEEA00F7098D /* LoginViewController.swift */,
				76A5C4B32A1DEF7100F7098D /* SignUpViewController.swift */,
				76A5C4B52A1DF5F500F7098D /* ConcertsViewController.swift */,
				76A5C4BF2A1E52B100F7098D /* UserConcertsViewController.swift */,
				76A5C4C32A1E52FF00F7098D /* AccountDetailsViewController.swift */,
				76A5C4C52A1E532200F7098D /* TicketInformationViewController.swift */,
				76A5C4C72A1E534600F7098D /* TicketPriceViewController.swift */,
				76A5C4C92A1E536200F7098D /* TicketPurchasedViewController.swift */,
			);
			path = View;
			sourceTree = "<group>";
		};
		76EF589B2A0A0A0E00D1EBF4 = {
			isa = PBXGroup;
			children = (
				76EF58A62A0A0A0E00D1EBF4 /* ios_TicketingApp */,
				76EF58A52A0A0A0E00D1EBF4 /* Products */,
			);
			sourceTree = "<group>";
		};
		76EF58A52A0A0A0E00D1EBF4 /* Products */ = {
			isa = PBXGroup;
			children = (
				76EF58A42A0A0A0E00D1EBF4 /* ios_TicketingApp.app */,
			);
			name = Products;
			sourceTree = "<group>";
		};
		76EF58A62A0A0A0E00D1EBF4 /* ios_TicketingApp */ = {
			isa = PBXGroup;
			children = (
				BD692D342A246D5700121EF5 /* TextFiles */,
				BD692D2F2A2469DF00121EF5 /* Model */,
				763E5CE92A1C68F9002206E2 /* View */,
				76EF58BB2A0A0C8B00D1EBF4 /* Images */,
				76EF58A72A0A0A0E00D1EBF4 /* AppDelegate.swift */,
				76EF58A92A0A0A0E00D1EBF4 /* SceneDelegate.swift */,
				76EF58AD2A0A0A0E00D1EBF4 /* Main.storyboard */,
				76EF58B02A0A0A1000D1EBF4 /* Assets.xcassets */,
				76EF58B22A0A0A1000D1EBF4 /* LaunchScreen.storyboard */,
				76EF58B52A0A0A1000D1EBF4 /* Info.plist */,
			);
			path = ios_TicketingApp;
			sourceTree = "<group>";
		};
		76EF58BB2A0A0C8B00D1EBF4 /* Images */ = {
			isa = PBXGroup;
			children = (
				794BBD102A25AAAA00CDA103 /* NewNewTicket.png */,
				794BBD0E2A25AA0200CDA103 /* NewTicket.png */,
				794BBD0C2A25A44200CDA103 /* Barcode.png */,
				76A5C4CB2A21C84200F7098D /* BackgroundGradient.png */,
				763E5CE72A1C6867002206E2 /* TicketBackground.png */,
				76EF58BE2A0A0CE600D1EBF4 /* up-2.png */,
				76A5C4B72A1E3DF900F7098D /* 2.png */,
				76A5C4BB2A1E409300F7098D /* Login.png */,
				76A5C4BC2A1E409300F7098D /* Signup.png */,
				763E5CE52A1C67CF002206E2 /* ConcertBackground.png */,
				76A5C4B92A1E3FAF00F7098D /* LoginBackground.png */,
			);
			path = Images;
			sourceTree = "<group>";
		};
		BD692D2F2A2469DF00121EF5 /* Model */ = {
			isa = PBXGroup;
			children = (
				BD692D352A246D8600121EF5 /* UserCredentials.txt */,
				BD692D302A2469F300121EF5 /* User.swift */,
				BD692D322A246C9600121EF5 /* FileReader.swift */,
				BD692D372A248D2600121EF5 /* FileWriter.swift */,
			);
			path = Model;
			sourceTree = "<group>";
		};
		BD692D342A246D5700121EF5 /* TextFiles */ = {
			isa = PBXGroup;
			children = (
			);
			path = TextFiles;
			sourceTree = "<group>";
		};
/* End PBXGroup section */

/* Begin PBXNativeTarget section */
		76EF58A32A0A0A0E00D1EBF4 /* ios_TicketingApp */ = {
			isa = PBXNativeTarget;
			buildConfigurationList = 76EF58B82A0A0A1000D1EBF4 /* Build configuration list for PBXNativeTarget "ios_TicketingApp" */;
			buildPhases = (
				76EF58A02A0A0A0E00D1EBF4 /* Sources */,
				76EF58A12A0A0A0E00D1EBF4 /* Frameworks */,
				76EF58A22A0A0A0E00D1EBF4 /* Resources */,
			);
			buildRules = (
			);
			dependencies = (
			);
			name = ios_TicketingApp;
			productName = ios_TicketingApp;
			productReference = 76EF58A42A0A0A0E00D1EBF4 /* ios_TicketingApp.app */;
			productType = "com.apple.product-type.application";
		};
/* End PBXNativeTarget section */

/* Begin PBXProject section */
		76EF589C2A0A0A0E00D1EBF4 /* Project object */ = {
			isa = PBXProject;
			attributes = {
				BuildIndependentTargetsInParallel = 1;
				LastSwiftUpdateCheck = 1430;
				LastUpgradeCheck = 1430;
				TargetAttributes = {
					76EF58A32A0A0A0E00D1EBF4 = {
						CreatedOnToolsVersion = 14.3;
					};
				};
			};
			buildConfigurationList = 76EF589F2A0A0A0E00D1EBF4 /* Build configuration list for PBXProject "ios_TicketingApp" */;
			compatibilityVersion = "Xcode 14.0";
			developmentRegion = en;
			hasScannedForEncodings = 0;
			knownRegions = (
				en,
				Base,
			);
			mainGroup = 76EF589B2A0A0A0E00D1EBF4;
			productRefGroup = 76EF58A52A0A0A0E00D1EBF4 /* Products */;
			projectDirPath = "";
			projectRoot = "";
			targets = (
				76EF58A32A0A0A0E00D1EBF4 /* ios_TicketingApp */,
			);
		};
/* End PBXProject section */

/* Begin PBXResourcesBuildPhase section */
		76EF58A22A0A0A0E00D1EBF4 /* Resources */ = {
			isa = PBXResourcesBuildPhase;
			buildActionMask = 2147483647;
			files = (
				BD692D362A246D8600121EF5 /* UserCredentials.txt in Resources */,
				76EF58B42A0A0A1000D1EBF4 /* LaunchScreen.storyboard in Resources */,
				794BBD0F2A25AA0200CDA103 /* NewTicket.png in Resources */,
				763E5CE62A1C67CF002206E2 /* ConcertBackground.png in Resources */,
				76A5C4BD2A1E409300F7098D /* Login.png in Resources */,
				76A5C4CC2A21C84300F7098D /* BackgroundGradient.png in Resources */,
				76A5C4B82A1E3DF900F7098D /* 2.png in Resources */,
				794BBD0D2A25A44200CDA103 /* Barcode.png in Resources */,
				76EF58B12A0A0A1000D1EBF4 /* Assets.xcassets in Resources */,
				763E5CE82A1C6867002206E2 /* TicketBackground.png in Resources */,
				76EF58AF2A0A0A0E00D1EBF4 /* Main.storyboard in Resources */,
				76A5C4BE2A1E409300F7098D /* Signup.png in Resources */,
				76EF58BF2A0A0CE600D1EBF4 /* up-2.png in Resources */,
				76A5C4BA2A1E3FAF00F7098D /* LoginBackground.png in Resources */,
				794BBD112A25AAAA00CDA103 /* NewNewTicket.png in Resources */,
			);
			runOnlyForDeploymentPostprocessing = 0;
		};
/* End PBXResourcesBuildPhase section */

/* Begin PBXSourcesBuildPhase section */
		76EF58A02A0A0A0E00D1EBF4 /* Sources */ = {
			isa = PBXSourcesBuildPhase;
			buildActionMask = 2147483647;
			files = (
				BD692D312A2469F300121EF5 /* User.swift in Sources */,
				76A5C4CA2A1E536200F7098D /* TicketPurchasedViewController.swift in Sources */,
				BD692D332A246C9600121EF5 /* FileReader.swift in Sources */,
				76A5C4B62A1DF5F500F7098D /* ConcertsViewController.swift in Sources */,
				76A5C4B42A1DEF7100F7098D /* SignUpViewController.swift in Sources */,
				76A5C4C42A1E52FF00F7098D /* AccountDetailsViewController.swift in Sources */,
				76A5C4C82A1E534600F7098D /* TicketPriceViewController.swift in Sources */,
				763E5CEB2A1C690D002206E2 /* TicketViewController.swift in Sources */,
				76EF58AC2A0A0A0E00D1EBF4 /* ViewController.swift in Sources */,
				76A5C4C02A1E52B100F7098D /* UserConcertsViewController.swift in Sources */,
				76A5C4C62A1E532200F7098D /* TicketInformationViewController.swift in Sources */,
				76EF58A82A0A0A0E00D1EBF4 /* AppDelegate.swift in Sources */,
				BD692D382A248D2600121EF5 /* FileWriter.swift in Sources */,
				76A5C4B22A1DEEEA00F7098D /* LoginViewController.swift in Sources */,
				76EF58AA2A0A0A0E00D1EBF4 /* SceneDelegate.swift in Sources */,
			);
			runOnlyForDeploymentPostprocessing = 0;
		};
/* End PBXSourcesBuildPhase section */

/* Begin PBXVariantGroup section */
		76EF58AD2A0A0A0E00D1EBF4 /* Main.storyboard */ = {
			isa = PBXVariantGroup;
			children = (
				76EF58AE2A0A0A0E00D1EBF4 /* Base */,
			);
			name = Main.storyboard;
			sourceTree = "<group>";
		};
		76EF58B22A0A0A1000D1EBF4 /* LaunchScreen.storyboard */ = {
			isa = PBXVariantGroup;
			children = (
				76EF58B32A0A0A1000D1EBF4 /* Base */,
			);
			name = LaunchScreen.storyboard;
			sourceTree = "<group>";
		};
/* End PBXVariantGroup section */

/* Begin XCBuildConfiguration section */
		76EF58B62A0A0A1000D1EBF4 /* Debug */ = {
			isa = XCBuildConfiguration;
			buildSettings = {
				ALWAYS_SEARCH_USER_PATHS = NO;
				CLANG_ANALYZER_NONNULL = YES;
				CLANG_ANALYZER_NUMBER_OBJECT_CONVERSION = YES_AGGRESSIVE;
				CLANG_CXX_LANGUAGE_STANDARD = "gnu++20";
				CLANG_ENABLE_MODULES = YES;
				CLANG_ENABLE_OBJC_ARC = YES;
				CLANG_ENABLE_OBJC_WEAK = YES;
				CLANG_WARN_BLOCK_CAPTURE_AUTORELEASING = YES;
				CLANG_WARN_BOOL_CONVERSION = YES;
				CLANG_WARN_COMMA = YES;
				CLANG_WARN_CONSTANT_CONVERSION = YES;
				CLANG_WARN_DEPRECATED_OBJC_IMPLEMENTATIONS = YES;
				CLANG_WARN_DIRECT_OBJC_ISA_USAGE = YES_ERROR;
				CLANG_WARN_DOCUMENTATION_COMMENTS = YES;
				CLANG_WARN_EMPTY_BODY = YES;
				CLANG_WARN_ENUM_CONVERSION = YES;
				CLANG_WARN_INFINITE_RECURSION = YES;
				CLANG_WARN_INT_CONVERSION = YES;
				CLANG_WARN_NON_LITERAL_NULL_CONVERSION = YES;
				CLANG_WARN_OBJC_IMPLICIT_RETAIN_SELF = YES;
				CLANG_WARN_OBJC_LITERAL_CONVERSION = YES;
				CLANG_WARN_OBJC_ROOT_CLASS = YES_ERROR;
				CLANG_WARN_QUOTED_INCLUDE_IN_FRAMEWORK_HEADER = YES;
				CLANG_WARN_RANGE_LOOP_ANALYSIS = YES;
				CLANG_WARN_STRICT_PROTOTYPES = YES;
				CLANG_WARN_SUSPICIOUS_MOVE = YES;
				CLANG_WARN_UNGUARDED_AVAILABILITY = YES_AGGRESSIVE;
				CLANG_WARN_UNREACHABLE_CODE = YES;
				CLANG_WARN__DUPLICATE_METHOD_MATCH = YES;
				COPY_PHASE_STRIP = NO;
				DEBUG_INFORMATION_FORMAT = dwarf;
				ENABLE_STRICT_OBJC_MSGSEND = YES;
				ENABLE_TESTABILITY = YES;
				GCC_C_LANGUAGE_STANDARD = gnu11;
				GCC_DYNAMIC_NO_PIC = NO;
				GCC_NO_COMMON_BLOCKS = YES;
				GCC_OPTIMIZATION_LEVEL = 0;
				GCC_PREPROCESSOR_DEFINITIONS = (
					"DEBUG=1",
					"$(inherited)",
				);
				GCC_WARN_64_TO_32_BIT_CONVERSION = YES;
				GCC_WARN_ABOUT_RETURN_TYPE = YES_ERROR;
				GCC_WARN_UNDECLARED_SELECTOR = YES;
				GCC_WARN_UNINITIALIZED_AUTOS = YES_AGGRESSIVE;
				GCC_WARN_UNUSED_FUNCTION = YES;
				GCC_WARN_UNUSED_VARIABLE = YES;
				IPHONEOS_DEPLOYMENT_TARGET = 16.4;
				MTL_ENABLE_DEBUG_INFO = INCLUDE_SOURCE;
				MTL_FAST_MATH = YES;
				ONLY_ACTIVE_ARCH = YES;
				SDKROOT = iphoneos;
				SWIFT_ACTIVE_COMPILATION_CONDITIONS = DEBUG;
				SWIFT_OPTIMIZATION_LEVEL = "-Onone";
			};
			name = Debug;
		};
		76EF58B72A0A0A1000D1EBF4 /* Release */ = {
			isa = XCBuildConfiguration;
			buildSettings = {
				ALWAYS_SEARCH_USER_PATHS = NO;
				CLANG_ANALYZER_NONNULL = YES;
				CLANG_ANALYZER_NUMBER_OBJECT_CONVERSION = YES_AGGRESSIVE;
				CLANG_CXX_LANGUAGE_STANDARD = "gnu++20";
				CLANG_ENABLE_MODULES = YES;
				CLANG_ENABLE_OBJC_ARC = YES;
				CLANG_ENABLE_OBJC_WEAK = YES;
				CLANG_WARN_BLOCK_CAPTURE_AUTORELEASING = YES;
				CLANG_WARN_BOOL_CONVERSION = YES;
				CLANG_WARN_COMMA = YES;
				CLANG_WARN_CONSTANT_CONVERSION = YES;
				CLANG_WARN_DEPRECATED_OBJC_IMPLEMENTATIONS = YES;
				CLANG_WARN_DIRECT_OBJC_ISA_USAGE = YES_ERROR;
				CLANG_WARN_DOCUMENTATION_COMMENTS = YES;
				CLANG_WARN_EMPTY_BODY = YES;
				CLANG_WARN_ENUM_CONVERSION = YES;
				CLANG_WARN_INFINITE_RECURSION = YES;
				CLANG_WARN_INT_CONVERSION = YES;
				CLANG_WARN_NON_LITERAL_NULL_CONVERSION = YES;
				CLANG_WARN_OBJC_IMPLICIT_RETAIN_SELF = YES;
				CLANG_WARN_OBJC_LITERAL_CONVERSION = YES;
				CLANG_WARN_OBJC_ROOT_CLASS = YES_ERROR;
				CLANG_WARN_QUOTED_INCLUDE_IN_FRAMEWORK_HEADER = YES;
				CLANG_WARN_RANGE_LOOP_ANALYSIS = YES;
				CLANG_WARN_STRICT_PROTOTYPES = YES;
				CLANG_WARN_SUSPICIOUS_MOVE = YES;
				CLANG_WARN_UNGUARDED_AVAILABILITY = YES_AGGRESSIVE;
				CLANG_WARN_UNREACHABLE_CODE = YES;
				CLANG_WARN__DUPLICATE_METHOD_MATCH = YES;
				COPY_PHASE_STRIP = NO;
				DEBUG_INFORMATION_FORMAT = "dwarf-with-dsym";
				ENABLE_NS_ASSERTIONS = NO;
				ENABLE_STRICT_OBJC_MSGSEND = YES;
				GCC_C_LANGUAGE_STANDARD = gnu11;
				GCC_NO_COMMON_BLOCKS = YES;
				GCC_WARN_64_TO_32_BIT_CONVERSION = YES;
				GCC_WARN_ABOUT_RETURN_TYPE = YES_ERROR;
				GCC_WARN_UNDECLARED_SELECTOR = YES;
				GCC_WARN_UNINITIALIZED_AUTOS = YES_AGGRESSIVE;
				GCC_WARN_UNUSED_FUNCTION = YES;
				GCC_WARN_UNUSED_VARIABLE = YES;
				IPHONEOS_DEPLOYMENT_TARGET = 16.4;
				MTL_ENABLE_DEBUG_INFO = NO;
				MTL_FAST_MATH = YES;
				SDKROOT = iphoneos;
				SWIFT_COMPILATION_MODE = wholemodule;
				SWIFT_OPTIMIZATION_LEVEL = "-O";
				VALIDATE_PRODUCT = YES;
			};
			name = Release;
		};
		76EF58B92A0A0A1000D1EBF4 /* Debug */ = {
			isa = XCBuildConfiguration;
			buildSettings = {
				ASSETCATALOG_COMPILER_APPICON_NAME = AppIcon;
				ASSETCATALOG_COMPILER_GLOBAL_ACCENT_COLOR_NAME = AccentColor;
				CODE_SIGN_STYLE = Automatic;
				CURRENT_PROJECT_VERSION = 1;
				GENERATE_INFOPLIST_FILE = YES;
				INFOPLIST_FILE = ios_TicketingApp/Info.plist;
				INFOPLIST_KEY_UIApplicationSupportsIndirectInputEvents = YES;
				INFOPLIST_KEY_UILaunchStoryboardName = LaunchScreen;
				INFOPLIST_KEY_UIMainStoryboardFile = Main;
				INFOPLIST_KEY_UISupportedInterfaceOrientations_iPad = "UIInterfaceOrientationPortrait UIInterfaceOrientationPortraitUpsideDown UIInterfaceOrientationLandscapeLeft UIInterfaceOrientationLandscapeRight";
				INFOPLIST_KEY_UISupportedInterfaceOrientations_iPhone = "UIInterfaceOrientationPortrait UIInterfaceOrientationLandscapeLeft UIInterfaceOrientationLandscapeRight";
				LD_RUNPATH_SEARCH_PATHS = (
					"$(inherited)",
					"@executable_path/Frameworks",
				);
				MARKETING_VERSION = 1.0;
				PRODUCT_BUNDLE_IDENTIFIER = "au.edu.uts.ios-TicketingApp";
				PRODUCT_NAME = "$(TARGET_NAME)";
				SWIFT_EMIT_LOC_STRINGS = YES;
				SWIFT_VERSION = 5.0;
				TARGETED_DEVICE_FAMILY = "1,2";
			};
			name = Debug;
		};
		76EF58BA2A0A0A1000D1EBF4 /* Release */ = {
			isa = XCBuildConfiguration;
			buildSettings = {
				ASSETCATALOG_COMPILER_APPICON_NAME = AppIcon;
				ASSETCATALOG_COMPILER_GLOBAL_ACCENT_COLOR_NAME = AccentColor;
				CODE_SIGN_STYLE = Automatic;
				CURRENT_PROJECT_VERSION = 1;
				GENERATE_INFOPLIST_FILE = YES;
				INFOPLIST_FILE = ios_TicketingApp/Info.plist;
				INFOPLIST_KEY_UIApplicationSupportsIndirectInputEvents = YES;
				INFOPLIST_KEY_UILaunchStoryboardName = LaunchScreen;
				INFOPLIST_KEY_UIMainStoryboardFile = Main;
				INFOPLIST_KEY_UISupportedInterfaceOrientations_iPad = "UIInterfaceOrientationPortrait UIInterfaceOrientationPortraitUpsideDown UIInterfaceOrientationLandscapeLeft UIInterfaceOrientationLandscapeRight";
				INFOPLIST_KEY_UISupportedInterfaceOrientations_iPhone = "UIInterfaceOrientationPortrait UIInterfaceOrientationLandscapeLeft UIInterfaceOrientationLandscapeRight";
				LD_RUNPATH_SEARCH_PATHS = (
					"$(inherited)",
					"@executable_path/Frameworks",
				);
				MARKETING_VERSION = 1.0;
				PRODUCT_BUNDLE_IDENTIFIER = "au.edu.uts.ios-TicketingApp";
				PRODUCT_NAME = "$(TARGET_NAME)";
				SWIFT_EMIT_LOC_STRINGS = YES;
				SWIFT_VERSION = 5.0;
				TARGETED_DEVICE_FAMILY = "1,2";
			};
			name = Release;
		};
/* End XCBuildConfiguration section */

/* Begin XCConfigurationList section */
		76EF589F2A0A0A0E00D1EBF4 /* Build configuration list for PBXProject "ios_TicketingApp" */ = {
			isa = XCConfigurationList;
			buildConfigurations = (
				76EF58B62A0A0A1000D1EBF4 /* Debug */,
				76EF58B72A0A0A1000D1EBF4 /* Release */,
			);
			defaultConfigurationIsVisible = 0;
			defaultConfigurationName = Release;
		};
		76EF58B82A0A0A1000D1EBF4 /* Build configuration list for PBXNativeTarget "ios_TicketingApp" */ = {
			isa = XCConfigurationList;
			buildConfigurations = (
				76EF58B92A0A0A1000D1EBF4 /* Debug */,
				76EF58BA2A0A0A1000D1EBF4 /* Release */,
			);
			defaultConfigurationIsVisible = 0;
			defaultConfigurationName = Release;
		};
/* End XCConfigurationList section */
	};
	rootObject = 76EF589C2A0A0A0E00D1EBF4 /* Project object */;
}
