// !$*UTF8*$!
{
	archiveVersion = 1;
	classes = {
	};
	objectVersion = 56;
	objects = {

/* Begin PBXBuildFile section */
		B3A74CD72A1E7AEB0002FEF0 /* AppDelegate.swift in Sources */ = {isa = PBXBuildFile; fileRef = B3A74CD62A1E7AEB0002FEF0 /* AppDelegate.swift */; };
		B3A74CD92A1E7AEB0002FEF0 /* SceneDelegate.swift in Sources */ = {isa = PBXBuildFile; fileRef = B3A74CD82A1E7AEB0002FEF0 /* SceneDelegate.swift */; };
		B3A74CDB2A1E7AEB0002FEF0 /* ViewController.swift in Sources */ = {isa = PBXBuildFile; fileRef = B3A74CDA2A1E7AEB0002FEF0 /* ViewController.swift */; };
		B3A74CDE2A1E7AEB0002FEF0 /* Main.storyboard in Resources */ = {isa = PBXBuildFile; fileRef = B3A74CDC2A1E7AEB0002FEF0 /* Main.storyboard */; };
		B3A74CE02A1E7AEB0002FEF0 /* Assets.xcassets in Resources */ = {isa = PBXBuildFile; fileRef = B3A74CDF2A1E7AEB0002FEF0 /* Assets.xcassets */; };
		B3A74CE32A1E7AEB0002FEF0 /* LaunchScreen.storyboard in Resources */ = {isa = PBXBuildFile; fileRef = B3A74CE12A1E7AEB0002FEF0 /* LaunchScreen.storyboard */; };
		B3A74CF42A1E7C9B0002FEF0 /* FirebaseAuth in Frameworks */ = {isa = PBXBuildFile; productRef = B3A74CF32A1E7C9B0002FEF0 /* FirebaseAuth */; };
		B3A74CFA2A1E7F860002FEF0 /* LoginViewController.swift in Sources */ = {isa = PBXBuildFile; fileRef = B3A74CF92A1E7F860002FEF0 /* LoginViewController.swift */; };
		B3A74CFC2A1E7FA10002FEF0 /* signUpViewController.swift in Sources */ = {isa = PBXBuildFile; fileRef = B3A74CFB2A1E7FA10002FEF0 /* signUpViewController.swift */; };
		B3A74CFE2A1E80EC0002FEF0 /* GoogleService-Info.plist in Resources */ = {isa = PBXBuildFile; fileRef = B3A74CFD2A1E80EC0002FEF0 /* GoogleService-Info.plist */; };
/* End PBXBuildFile section */

/* Begin PBXFileReference section */
		B3A74CD32A1E7AEB0002FEF0 /* IOS-TicketingApp.app */ = {isa = PBXFileReference; explicitFileType = wrapper.application; includeInIndex = 0; path = "IOS-TicketingApp.app"; sourceTree = BUILT_PRODUCTS_DIR; };
		B3A74CD62A1E7AEB0002FEF0 /* AppDelegate.swift */ = {isa = PBXFileReference; lastKnownFileType = sourcecode.swift; path = AppDelegate.swift; sourceTree = "<group>"; };
		B3A74CD82A1E7AEB0002FEF0 /* SceneDelegate.swift */ = {isa = PBXFileReference; lastKnownFileType = sourcecode.swift; path = SceneDelegate.swift; sourceTree = "<group>"; };
		B3A74CDA2A1E7AEB0002FEF0 /* ViewController.swift */ = {isa = PBXFileReference; lastKnownFileType = sourcecode.swift; path = ViewController.swift; sourceTree = "<group>"; };
		B3A74CDD2A1E7AEB0002FEF0 /* Base */ = {isa = PBXFileReference; lastKnownFileType = file.storyboard; name = Base; path = Base.lproj/Main.storyboard; sourceTree = "<group>"; };
		B3A74CDF2A1E7AEB0002FEF0 /* Assets.xcassets */ = {isa = PBXFileReference; lastKnownFileType = folder.assetcatalog; path = Assets.xcassets; sourceTree = "<group>"; };
		B3A74CE22A1E7AEB0002FEF0 /* Base */ = {isa = PBXFileReference; lastKnownFileType = file.storyboard; name = Base; path = Base.lproj/LaunchScreen.storyboard; sourceTree = "<group>"; };
		B3A74CE42A1E7AEB0002FEF0 /* Info.plist */ = {isa = PBXFileReference; lastKnownFileType = text.plist.xml; path = Info.plist; sourceTree = "<group>"; };
		B3A74CF92A1E7F860002FEF0 /* LoginViewController.swift */ = {isa = PBXFileReference; lastKnownFileType = sourcecode.swift; path = LoginViewController.swift; sourceTree = "<group>"; };
		B3A74CFB2A1E7FA10002FEF0 /* signUpViewController.swift */ = {isa = PBXFileReference; lastKnownFileType = sourcecode.swift; path = signUpViewController.swift; sourceTree = "<group>"; };
		B3A74CFD2A1E80EC0002FEF0 /* GoogleService-Info.plist */ = {isa = PBXFileReference; fileEncoding = 4; lastKnownFileType = text.plist.xml; name = "GoogleService-Info.plist"; path = "../../../Downloads/GoogleService-Info.plist"; sourceTree = "<group>"; };
/* End PBXFileReference section */

/* Begin PBXFrameworksBuildPhase section */
		B3A74CD02A1E7AEB0002FEF0 /* Frameworks */ = {
			isa = PBXFrameworksBuildPhase;
			buildActionMask = 2147483647;
			files = (
				B3A74CF42A1E7C9B0002FEF0 /* FirebaseAuth in Frameworks */,
			);
			runOnlyForDeploymentPostprocessing = 0;
		};
/* End PBXFrameworksBuildPhase section */

/* Begin PBXGroup section */
		B3A74CCA2A1E7AEA0002FEF0 = {
			isa = PBXGroup;
			children = (
				B3A74CD52A1E7AEB0002FEF0 /* IOS-TicketingApp */,
				B3A74CD42A1E7AEB0002FEF0 /* Products */,
			);
			sourceTree = "<group>";
		};
		B3A74CD42A1E7AEB0002FEF0 /* Products */ = {
			isa = PBXGroup;
			children = (
				B3A74CD32A1E7AEB0002FEF0 /* IOS-TicketingApp.app */,
			);
			name = Products;
			sourceTree = "<group>";
		};
		B3A74CD52A1E7AEB0002FEF0 /* IOS-TicketingApp */ = {
			isa = PBXGroup;
			children = (
				B3A74CD62A1E7AEB0002FEF0 /* AppDelegate.swift */,
				B3A74CD82A1E7AEB0002FEF0 /* SceneDelegate.swift */,
				B3A74CDA2A1E7AEB0002FEF0 /* ViewController.swift */,
				B3A74CFB2A1E7FA10002FEF0 /* signUpViewController.swift */,
				B3A74CF92A1E7F860002FEF0 /* LoginViewController.swift */,
				B3A74CDC2A1E7AEB0002FEF0 /* Main.storyboard */,
				B3A74CDF2A1E7AEB0002FEF0 /* Assets.xcassets */,
				B3A74CE12A1E7AEB0002FEF0 /* LaunchScreen.storyboard */,
				B3A74CE42A1E7AEB0002FEF0 /* Info.plist */,
				B3A74CFD2A1E80EC0002FEF0 /* GoogleService-Info.plist */,
			);
			path = "IOS-TicketingApp";
			sourceTree = "<group>";
		};
/* End PBXGroup section */

/* Begin PBXNativeTarget section */
		B3A74CD22A1E7AEB0002FEF0 /* IOS-TicketingApp */ = {
			isa = PBXNativeTarget;
			buildConfigurationList = B3A74CE72A1E7AEB0002FEF0 /* Build configuration list for PBXNativeTarget "IOS-TicketingApp" */;
			buildPhases = (
				B3A74CCF2A1E7AEB0002FEF0 /* Sources */,
				B3A74CD02A1E7AEB0002FEF0 /* Frameworks */,
				B3A74CD12A1E7AEB0002FEF0 /* Resources */,
			);
			buildRules = (
			);
			dependencies = (
			);
			name = "IOS-TicketingApp";
			packageProductDependencies = (
				B3A74CF32A1E7C9B0002FEF0 /* FirebaseAuth */,
			);
			productName = "IOS-TicketingApp";
			productReference = B3A74CD32A1E7AEB0002FEF0 /* IOS-TicketingApp.app */;
			productType = "com.apple.product-type.application";
		};
/* End PBXNativeTarget section */

/* Begin PBXProject section */
		B3A74CCB2A1E7AEA0002FEF0 /* Project object */ = {
			isa = PBXProject;
			attributes = {
				BuildIndependentTargetsInParallel = 1;
				LastSwiftUpdateCheck = 1420;
				LastUpgradeCheck = 1420;
				TargetAttributes = {
					B3A74CD22A1E7AEB0002FEF0 = {
						CreatedOnToolsVersion = 14.2;
					};
				};
			};
			buildConfigurationList = B3A74CCE2A1E7AEA0002FEF0 /* Build configuration list for PBXProject "IOS-TicketingApp" */;
			compatibilityVersion = "Xcode 14.0";
			developmentRegion = en;
			hasScannedForEncodings = 0;
			knownRegions = (
				en,
				Base,
			);
			mainGroup = B3A74CCA2A1E7AEA0002FEF0;
			packageReferences = (
				B3A74CF22A1E7C9B0002FEF0 /* XCRemoteSwiftPackageReference "firebase-ios-sdk" */,
			);
			productRefGroup = B3A74CD42A1E7AEB0002FEF0 /* Products */;
			projectDirPath = "";
			projectRoot = "";
			targets = (
				B3A74CD22A1E7AEB0002FEF0 /* IOS-TicketingApp */,
			);
		};
/* End PBXProject section */

/* Begin PBXResourcesBuildPhase section */
		B3A74CD12A1E7AEB0002FEF0 /* Resources */ = {
			isa = PBXResourcesBuildPhase;
			buildActionMask = 2147483647;
			files = (
				B3A74CE32A1E7AEB0002FEF0 /* LaunchScreen.storyboard in Resources */,
				B3A74CFE2A1E80EC0002FEF0 /* GoogleService-Info.plist in Resources */,
				B3A74CE02A1E7AEB0002FEF0 /* Assets.xcassets in Resources */,
				B3A74CDE2A1E7AEB0002FEF0 /* Main.storyboard in Resources */,
			);
			runOnlyForDeploymentPostprocessing = 0;
		};
/* End PBXResourcesBuildPhase section */

/* Begin PBXSourcesBuildPhase section */
		B3A74CCF2A1E7AEB0002FEF0 /* Sources */ = {
			isa = PBXSourcesBuildPhase;
			buildActionMask = 2147483647;
			files = (
				B3A74CFC2A1E7FA10002FEF0 /* signUpViewController.swift in Sources */,
				B3A74CFA2A1E7F860002FEF0 /* LoginViewController.swift in Sources */,
				B3A74CDB2A1E7AEB0002FEF0 /* ViewController.swift in Sources */,
				B3A74CD72A1E7AEB0002FEF0 /* AppDelegate.swift in Sources */,
				B3A74CD92A1E7AEB0002FEF0 /* SceneDelegate.swift in Sources */,
			);
			runOnlyForDeploymentPostprocessing = 0;
		};
/* End PBXSourcesBuildPhase section */

/* Begin PBXVariantGroup section */
		B3A74CDC2A1E7AEB0002FEF0 /* Main.storyboard */ = {
			isa = PBXVariantGroup;
			children = (
				B3A74CDD2A1E7AEB0002FEF0 /* Base */,
			);
			name = Main.storyboard;
			sourceTree = "<group>";
		};
		B3A74CE12A1E7AEB0002FEF0 /* LaunchScreen.storyboard */ = {
			isa = PBXVariantGroup;
			children = (
				B3A74CE22A1E7AEB0002FEF0 /* Base */,
			);
			name = LaunchScreen.storyboard;
			sourceTree = "<group>";
		};
/* End PBXVariantGroup section */

/* Begin XCBuildConfiguration section */
		B3A74CE52A1E7AEB0002FEF0 /* Debug */ = {
			isa = XCBuildConfiguration;
			buildSettings = {
				ALWAYS_SEARCH_USER_PATHS = NO;
				CLANG_ANALYZER_NONNULL = YES;
				CLANG_ANALYZER_NUMBER_OBJECT_CONVERSION = YES_AGGRESSIVE;
				CLANG_CXX_LANGUAGE_STANDARD = "gnu++20";
				CLANG_ENABLE_MODULES = YES;
				CLANG_ENABLE_OBJC_ARC = YES;
				CLANG_ENABLE_OBJC_WEAK = YES;
				CLANG_WARN_BLOCK_CAPTURE_AUTORELEASING = YES;
				CLANG_WARN_BOOL_CONVERSION = YES;
				CLANG_WARN_COMMA = YES;
				CLANG_WARN_CONSTANT_CONVERSION = YES;
				CLANG_WARN_DEPRECATED_OBJC_IMPLEMENTATIONS = YES;
				CLANG_WARN_DIRECT_OBJC_ISA_USAGE = YES_ERROR;
				CLANG_WARN_DOCUMENTATION_COMMENTS = YES;
				CLANG_WARN_EMPTY_BODY = YES;
				CLANG_WARN_ENUM_CONVERSION = YES;
				CLANG_WARN_INFINITE_RECURSION = YES;
				CLANG_WARN_INT_CONVERSION = YES;
				CLANG_WARN_NON_LITERAL_NULL_CONVERSION = YES;
				CLANG_WARN_OBJC_IMPLICIT_RETAIN_SELF = YES;
				CLANG_WARN_OBJC_LITERAL_CONVERSION = YES;
				CLANG_WARN_OBJC_ROOT_CLASS = YES_ERROR;
				CLANG_WARN_QUOTED_INCLUDE_IN_FRAMEWORK_HEADER = YES;
				CLANG_WARN_RANGE_LOOP_ANALYSIS = YES;
				CLANG_WARN_STRICT_PROTOTYPES = YES;
				CLANG_WARN_SUSPICIOUS_MOVE = YES;
				CLANG_WARN_UNGUARDED_AVAILABILITY = YES_AGGRESSIVE;
				CLANG_WARN_UNREACHABLE_CODE = YES;
				CLANG_WARN__DUPLICATE_METHOD_MATCH = YES;
				COPY_PHASE_STRIP = NO;
				DEBUG_INFORMATION_FORMAT = dwarf;
				ENABLE_STRICT_OBJC_MSGSEND = YES;
				ENABLE_TESTABILITY = YES;
				GCC_C_LANGUAGE_STANDARD = gnu11;
				GCC_DYNAMIC_NO_PIC = NO;
				GCC_NO_COMMON_BLOCKS = YES;
				GCC_OPTIMIZATION_LEVEL = 0;
				GCC_PREPROCESSOR_DEFINITIONS = (
					"DEBUG=1",
					"$(inherited)",
				);
				GCC_WARN_64_TO_32_BIT_CONVERSION = YES;
				GCC_WARN_ABOUT_RETURN_TYPE = YES_ERROR;
				GCC_WARN_UNDECLARED_SELECTOR = YES;
				GCC_WARN_UNINITIALIZED_AUTOS = YES_AGGRESSIVE;
				GCC_WARN_UNUSED_FUNCTION = YES;
				GCC_WARN_UNUSED_VARIABLE = YES;
				IPHONEOS_DEPLOYMENT_TARGET = 16.2;
				MTL_ENABLE_DEBUG_INFO = INCLUDE_SOURCE;
				MTL_FAST_MATH = YES;
				ONLY_ACTIVE_ARCH = YES;
				SDKROOT = iphoneos;
				SWIFT_ACTIVE_COMPILATION_CONDITIONS = DEBUG;
				SWIFT_OPTIMIZATION_LEVEL = "-Onone";
			};
			name = Debug;
		};
		B3A74CE62A1E7AEB0002FEF0 /* Release */ = {
			isa = XCBuildConfiguration;
			buildSettings = {
				ALWAYS_SEARCH_USER_PATHS = NO;
				CLANG_ANALYZER_NONNULL = YES;
				CLANG_ANALYZER_NUMBER_OBJECT_CONVERSION = YES_AGGRESSIVE;
				CLANG_CXX_LANGUAGE_STANDARD = "gnu++20";
				CLANG_ENABLE_MODULES = YES;
				CLANG_ENABLE_OBJC_ARC = YES;
				CLANG_ENABLE_OBJC_WEAK = YES;
				CLANG_WARN_BLOCK_CAPTURE_AUTORELEASING = YES;
				CLANG_WARN_BOOL_CONVERSION = YES;
				CLANG_WARN_COMMA = YES;
				CLANG_WARN_CONSTANT_CONVERSION = YES;
				CLANG_WARN_DEPRECATED_OBJC_IMPLEMENTATIONS = YES;
				CLANG_WARN_DIRECT_OBJC_ISA_USAGE = YES_ERROR;
				CLANG_WARN_DOCUMENTATION_COMMENTS = YES;
				CLANG_WARN_EMPTY_BODY = YES;
				CLANG_WARN_ENUM_CONVERSION = YES;
				CLANG_WARN_INFINITE_RECURSION = YES;
				CLANG_WARN_INT_CONVERSION = YES;
				CLANG_WARN_NON_LITERAL_NULL_CONVERSION = YES;
				CLANG_WARN_OBJC_IMPLICIT_RETAIN_SELF = YES;
				CLANG_WARN_OBJC_LITERAL_CONVERSION = YES;
				CLANG_WARN_OBJC_ROOT_CLASS = YES_ERROR;
				CLANG_WARN_QUOTED_INCLUDE_IN_FRAMEWORK_HEADER = YES;
				CLANG_WARN_RANGE_LOOP_ANALYSIS = YES;
				CLANG_WARN_STRICT_PROTOTYPES = YES;
				CLANG_WARN_SUSPICIOUS_MOVE = YES;
				CLANG_WARN_UNGUARDED_AVAILABILITY = YES_AGGRESSIVE;
				CLANG_WARN_UNREACHABLE_CODE = YES;
				CLANG_WARN__DUPLICATE_METHOD_MATCH = YES;
				COPY_PHASE_STRIP = NO;
				DEBUG_INFORMATION_FORMAT = "dwarf-with-dsym";
				ENABLE_NS_ASSERTIONS = NO;
				ENABLE_STRICT_OBJC_MSGSEND = YES;
				GCC_C_LANGUAGE_STANDARD = gnu11;
				GCC_NO_COMMON_BLOCKS = YES;
				GCC_WARN_64_TO_32_BIT_CONVERSION = YES;
				GCC_WARN_ABOUT_RETURN_TYPE = YES_ERROR;
				GCC_WARN_UNDECLARED_SELECTOR = YES;
				GCC_WARN_UNINITIALIZED_AUTOS = YES_AGGRESSIVE;
				GCC_WARN_UNUSED_FUNCTION = YES;
				GCC_WARN_UNUSED_VARIABLE = YES;
				IPHONEOS_DEPLOYMENT_TARGET = 16.2;
				MTL_ENABLE_DEBUG_INFO = NO;
				MTL_FAST_MATH = YES;
				SDKROOT = iphoneos;
				SWIFT_COMPILATION_MODE = wholemodule;
				SWIFT_OPTIMIZATION_LEVEL = "-O";
				VALIDATE_PRODUCT = YES;
			};
			name = Release;
		};
		B3A74CE82A1E7AEB0002FEF0 /* Debug */ = {
			isa = XCBuildConfiguration;
			buildSettings = {
				ASSETCATALOG_COMPILER_APPICON_NAME = AppIcon;
				ASSETCATALOG_COMPILER_GLOBAL_ACCENT_COLOR_NAME = AccentColor;
				CODE_SIGN_STYLE = Automatic;
				CURRENT_PROJECT_VERSION = 1;
				DEVELOPMENT_TEAM = "";
				GENERATE_INFOPLIST_FILE = YES;
				INFOPLIST_FILE = "IOS-TicketingApp/Info.plist";
				INFOPLIST_KEY_UIApplicationSupportsIndirectInputEvents = YES;
				INFOPLIST_KEY_UILaunchStoryboardName = LaunchScreen;
				INFOPLIST_KEY_UIMainStoryboardFile = Main;
				INFOPLIST_KEY_UISupportedInterfaceOrientations_iPad = "UIInterfaceOrientationPortrait UIInterfaceOrientationPortraitUpsideDown UIInterfaceOrientationLandscapeLeft UIInterfaceOrientationLandscapeRight";
				INFOPLIST_KEY_UISupportedInterfaceOrientations_iPhone = "UIInterfaceOrientationPortrait UIInterfaceOrientationLandscapeLeft UIInterfaceOrientationLandscapeRight";
				LD_RUNPATH_SEARCH_PATHS = (
					"$(inherited)",
					"@executable_path/Frameworks",
				);
				MARKETING_VERSION = 1.0;
				PRODUCT_BUNDLE_IDENTIFIER = "au.edu.uts.IOS-TicketingApp";
				PRODUCT_NAME = "$(TARGET_NAME)";
				SWIFT_EMIT_LOC_STRINGS = YES;
				SWIFT_VERSION = 5.0;
				TARGETED_DEVICE_FAMILY = "1,2";
			};
			name = Debug;
		};
		B3A74CE92A1E7AEB0002FEF0 /* Release */ = {
			isa = XCBuildConfiguration;
			buildSettings = {
				ASSETCATALOG_COMPILER_APPICON_NAME = AppIcon;
				ASSETCATALOG_COMPILER_GLOBAL_ACCENT_COLOR_NAME = AccentColor;
				CODE_SIGN_STYLE = Automatic;
				CURRENT_PROJECT_VERSION = 1;
				DEVELOPMENT_TEAM = "";
				GENERATE_INFOPLIST_FILE = YES;
				INFOPLIST_FILE = "IOS-TicketingApp/Info.plist";
				INFOPLIST_KEY_UIApplicationSupportsIndirectInputEvents = YES;
				INFOPLIST_KEY_UILaunchStoryboardName = LaunchScreen;
				INFOPLIST_KEY_UIMainStoryboardFile = Main;
				INFOPLIST_KEY_UISupportedInterfaceOrientations_iPad = "UIInterfaceOrientationPortrait UIInterfaceOrientationPortraitUpsideDown UIInterfaceOrientationLandscapeLeft UIInterfaceOrientationLandscapeRight";
				INFOPLIST_KEY_UISupportedInterfaceOrientations_iPhone = "UIInterfaceOrientationPortrait UIInterfaceOrientationLandscapeLeft UIInterfaceOrientationLandscapeRight";
				LD_RUNPATH_SEARCH_PATHS = (
					"$(inherited)",
					"@executable_path/Frameworks",
				);
				MARKETING_VERSION = 1.0;
				PRODUCT_BUNDLE_IDENTIFIER = "au.edu.uts.IOS-TicketingApp";
				PRODUCT_NAME = "$(TARGET_NAME)";
				SWIFT_EMIT_LOC_STRINGS = YES;
				SWIFT_VERSION = 5.0;
				TARGETED_DEVICE_FAMILY = "1,2";
			};
			name = Release;
		};
/* End XCBuildConfiguration section */

/* Begin XCConfigurationList section */
		B3A74CCE2A1E7AEA0002FEF0 /* Build configuration list for PBXProject "IOS-TicketingApp" */ = {
			isa = XCConfigurationList;
			buildConfigurations = (
				B3A74CE52A1E7AEB0002FEF0 /* Debug */,
				B3A74CE62A1E7AEB0002FEF0 /* Release */,
			);
			defaultConfigurationIsVisible = 0;
			defaultConfigurationName = Release;
		};
		B3A74CE72A1E7AEB0002FEF0 /* Build configuration list for PBXNativeTarget "IOS-TicketingApp" */ = {
			isa = XCConfigurationList;
			buildConfigurations = (
				B3A74CE82A1E7AEB0002FEF0 /* Debug */,
				B3A74CE92A1E7AEB0002FEF0 /* Release */,
			);
			defaultConfigurationIsVisible = 0;
			defaultConfigurationName = Release;
		};
/* End XCConfigurationList section */

/* Begin XCRemoteSwiftPackageReference section */
		B3A74CF22A1E7C9B0002FEF0 /* XCRemoteSwiftPackageReference "firebase-ios-sdk" */ = {
			isa = XCRemoteSwiftPackageReference;
			repositoryURL = "https://github.com/firebase/firebase-ios-sdk";
			requirement = {
				branch = master;
				kind = branch;
			};
		};
/* End XCRemoteSwiftPackageReference section */

/* Begin XCSwiftPackageProductDependency section */
		B3A74CF32A1E7C9B0002FEF0 /* FirebaseAuth */ = {
			isa = XCSwiftPackageProductDependency;
			package = B3A74CF22A1E7C9B0002FEF0 /* XCRemoteSwiftPackageReference "firebase-ios-sdk" */;
			productName = FirebaseAuth;
		};
/* End XCSwiftPackageProductDependency section */
	};
	rootObject = B3A74CCB2A1E7AEA0002FEF0 /* Project object */;
}
